
Microsoft Visual Studio Solution File, Format Version 12.00
# Visual Studio Version 16
VisualStudioVersion = 16.0.29201.188
MinimumVisualStudioVersion = 10.0.40219.1
Project("{9092AA53-FB77-4645-B42D-1CCCA6BD08BD}") = "PacmanTS", "PacmanTS\PacmanTS.njsproj", "{69282C76-6859-495D-8DC1-53CDE7BA9D3A}"
EndProject
Global
	GlobalSection(SolutionConfigurationPlatforms) = preSolution
		Debug|Any CPU = Debug|Any CPU
		Release|Any CPU = Release|Any CPU
	EndGlobalSection
	GlobalSection(ProjectConfigurationPlatforms) = postSolution
		{69282C76-6859-495D-8DC1-53CDE7BA9D3A}.Debug|Any CPU.ActiveCfg = Debug|Any CPU
		{69282C76-6859-495D-8DC1-53CDE7BA9D3A}.Debug|Any CPU.Build.0 = Debug|Any CPU
		{69282C76-6859-495D-8DC1-53CDE7BA9D3A}.Release|Any CPU.ActiveCfg = Release|Any CPU
		{69282C76-6859-495D-8DC1-53CDE7BA9D3A}.Release|Any CPU.Build.0 = Release|Any CPU
	EndGlobalSection
	GlobalSection(SolutionProperties) = preSolution
		HideSolutionNode = FALSE
	EndGlobalSection
	GlobalSection(ExtensibilityGlobals) = postSolution
		SolutionGuid = {72A6C092-199A-4B7D-8781-7DD2B2A453EF}
	EndGlobalSection
EndGlobal
